
Microsoft Visual Studio Solution File, Format Version 12.00
# Visual Studio 15
VisualStudioVersion = 15.0.27130.2036
MinimumVisualStudioVersion = 10.0.40219.1
Project("{888888A0-9F3D-457C-B088-3A5042F75D52}") = "Mohler_Immuno2", "Mohler_Immuno2\Mohler_Immuno2.pyproj", "{8CA4D89C-7B45-4781-A4D4-1FCF4566F724}"
EndProject
Global
	GlobalSection(SolutionConfigurationPlatforms) = preSolution
		Debug|Any CPU = Debug|Any CPU
		Release|Any CPU = Release|Any CPU
	EndGlobalSection
	GlobalSection(ProjectConfigurationPlatforms) = postSolution
		{8CA4D89C-7B45-4781-A4D4-1FCF4566F724}.Debug|Any CPU.ActiveCfg = Debug|Any CPU
		{8CA4D89C-7B45-4781-A4D4-1FCF4566F724}.Release|Any CPU.ActiveCfg = Release|Any CPU
	EndGlobalSection
	GlobalSection(SolutionProperties) = preSolution
		HideSolutionNode = FALSE
	EndGlobalSection
	GlobalSection(ExtensibilityGlobals) = postSolution
		SolutionGuid = {F8AD6FD7-AC92-42BF-B825-16EB0DE14ADF}
	EndGlobalSection
EndGlobal
