
Microsoft Visual Studio Solution File, Format Version 12.00
# Visual Studio 15
VisualStudioVersion = 15.0.27130.2027
MinimumVisualStudioVersion = 10.0.40219.1
Project("{888888A0-9F3D-457C-B088-3A5042F75D52}") = "Problem1", "Problem1\Problem1.pyproj", "{73C85BC9-5C21-415F-B7B4-D4D36D73FB4E}"
EndProject
Global
	GlobalSection(SolutionConfigurationPlatforms) = preSolution
		Debug|Any CPU = Debug|Any CPU
		Release|Any CPU = Release|Any CPU
	EndGlobalSection
	GlobalSection(ProjectConfigurationPlatforms) = postSolution
		{73C85BC9-5C21-415F-B7B4-D4D36D73FB4E}.Debug|Any CPU.ActiveCfg = Debug|Any CPU
		{73C85BC9-5C21-415F-B7B4-D4D36D73FB4E}.Release|Any CPU.ActiveCfg = Release|Any CPU
	EndGlobalSection
	GlobalSection(SolutionProperties) = preSolution
		HideSolutionNode = FALSE
	EndGlobalSection
	GlobalSection(ExtensibilityGlobals) = postSolution
		SolutionGuid = {085562A1-39B8-4CDD-9563-37F0B6A00A3C}
	EndGlobalSection
EndGlobal
