
Microsoft Visual Studio Solution File, Format Version 12.00
# Visual Studio 15
VisualStudioVersion = 15.0.27004.2009
MinimumVisualStudioVersion = 10.0.40219.1
Project("{888888A0-9F3D-457C-B088-3A5042F75D52}") = "LRwTF", "LRwTF\LRwTF.pyproj", "{2E33BE4C-45EF-4C50-9117-5FBDBD124074}"
EndProject
Global
	GlobalSection(SolutionConfigurationPlatforms) = preSolution
		Debug|Any CPU = Debug|Any CPU
		Release|Any CPU = Release|Any CPU
	EndGlobalSection
	GlobalSection(ProjectConfigurationPlatforms) = postSolution
		{2E33BE4C-45EF-4C50-9117-5FBDBD124074}.Debug|Any CPU.ActiveCfg = Debug|Any CPU
		{2E33BE4C-45EF-4C50-9117-5FBDBD124074}.Release|Any CPU.ActiveCfg = Release|Any CPU
	EndGlobalSection
	GlobalSection(SolutionProperties) = preSolution
		HideSolutionNode = FALSE
	EndGlobalSection
	GlobalSection(ExtensibilityGlobals) = postSolution
		SolutionGuid = {77CC2D4B-AB06-4DE1-9BA1-B014A6766F48}
	EndGlobalSection
EndGlobal
