
Microsoft Visual Studio Solution File, Format Version 12.00
# Visual Studio 15
VisualStudioVersion = 15.0.27130.2027
MinimumVisualStudioVersion = 10.0.40219.1
Project("{888888A0-9F3D-457C-B088-3A5042F75D52}") = "Visualization", "Visualization\Visualization.pyproj", "{72AD8D60-BC57-408D-89AB-D860B14DD156}"
EndProject
Global
	GlobalSection(SolutionConfigurationPlatforms) = preSolution
		Debug|Any CPU = Debug|Any CPU
		Release|Any CPU = Release|Any CPU
	EndGlobalSection
	GlobalSection(ProjectConfigurationPlatforms) = postSolution
		{72AD8D60-BC57-408D-89AB-D860B14DD156}.Debug|Any CPU.ActiveCfg = Debug|Any CPU
		{72AD8D60-BC57-408D-89AB-D860B14DD156}.Release|Any CPU.ActiveCfg = Release|Any CPU
	EndGlobalSection
	GlobalSection(SolutionProperties) = preSolution
		HideSolutionNode = FALSE
	EndGlobalSection
	GlobalSection(ExtensibilityGlobals) = postSolution
		SolutionGuid = {CEE47D4D-C687-441F-97F5-04FCAB5B3B4B}
	EndGlobalSection
EndGlobal
