
Microsoft Visual Studio Solution File, Format Version 12.00
# Visual Studio 15
VisualStudioVersion = 15.0.27130.2036
MinimumVisualStudioVersion = 10.0.40219.1
Project("{888888A0-9F3D-457C-B088-3A5042F75D52}") = "MCClassification", "MCClassification\MCClassification.pyproj", "{B34E4BB6-D100-47D6-9BAE-FD02DD8F6D99}"
EndProject
Global
	GlobalSection(SolutionConfigurationPlatforms) = preSolution
		Debug|Any CPU = Debug|Any CPU
		Release|Any CPU = Release|Any CPU
	EndGlobalSection
	GlobalSection(ProjectConfigurationPlatforms) = postSolution
		{B34E4BB6-D100-47D6-9BAE-FD02DD8F6D99}.Debug|Any CPU.ActiveCfg = Debug|Any CPU
		{B34E4BB6-D100-47D6-9BAE-FD02DD8F6D99}.Release|Any CPU.ActiveCfg = Release|Any CPU
	EndGlobalSection
	GlobalSection(SolutionProperties) = preSolution
		HideSolutionNode = FALSE
	EndGlobalSection
	GlobalSection(ExtensibilityGlobals) = postSolution
		SolutionGuid = {734A5AB8-91C4-4760-B998-9FA13D533438}
	EndGlobalSection
EndGlobal
